
Microsoft Visual Studio Solution File, Format Version 12.00
# Visual Studio Version 16
VisualStudioVersion = 16.0.31025.194
MinimumVisualStudioVersion = 10.0.40219.1
Project("{9A19103F-16F7-4668-BE54-9A1E7A4F7556}") = "Calculator-windows", "Calculator2\Calculator-windows.csproj", "{9C19DD40-49B2-4DEB-B37B-C4132B35892D}"
EndProject
Project("{9A19103F-16F7-4668-BE54-9A1E7A4F7556}") = "Calculator-console", "Calculator1\Calculator-console.csproj", "{908F66B4-6C01-4279-8A98-95C856C1FFC4}"
EndProject
Global
	GlobalSection(SolutionConfigurationPlatforms) = preSolution
		Debug|Any CPU = Debug|Any CPU
		Release|Any CPU = Release|Any CPU
	EndGlobalSection
	GlobalSection(ProjectConfigurationPlatforms) = postSolution
		{9C19DD40-49B2-4DEB-B37B-C4132B35892D}.Debug|Any CPU.ActiveCfg = Debug|Any CPU
		{9C19DD40-49B2-4DEB-B37B-C4132B35892D}.Debug|Any CPU.Build.0 = Debug|Any CPU
		{9C19DD40-49B2-4DEB-B37B-C4132B35892D}.Release|Any CPU.ActiveCfg = Release|Any CPU
		{9C19DD40-49B2-4DEB-B37B-C4132B35892D}.Release|Any CPU.Build.0 = Release|Any CPU
		{908F66B4-6C01-4279-8A98-95C856C1FFC4}.Debug|Any CPU.ActiveCfg = Debug|Any CPU
		{908F66B4-6C01-4279-8A98-95C856C1FFC4}.Debug|Any CPU.Build.0 = Debug|Any CPU
		{908F66B4-6C01-4279-8A98-95C856C1FFC4}.Release|Any CPU.ActiveCfg = Release|Any CPU
		{908F66B4-6C01-4279-8A98-95C856C1FFC4}.Release|Any CPU.Build.0 = Release|Any CPU
	EndGlobalSection
	GlobalSection(SolutionProperties) = preSolution
		HideSolutionNode = FALSE
	EndGlobalSection
	GlobalSection(ExtensibilityGlobals) = postSolution
		SolutionGuid = {C3DEBB5B-C36C-49DE-B482-5F7BF47593B0}
	EndGlobalSection
EndGlobal
