
Microsoft Visual Studio Solution File, Format Version 12.00
# Visual Studio Version 16
VisualStudioVersion = 16.0.31025.194
MinimumVisualStudioVersion = 10.0.40219.1
Project("{9A19103F-16F7-4668-BE54-9A1E7A4F7556}") = "test1", "test_of_class\test1.csproj", "{D7180A4E-4A44-4100-92E1-36F56EF1587C}"
EndProject
Project("{9A19103F-16F7-4668-BE54-9A1E7A4F7556}") = "test2", "test2\test2.csproj", "{5BD5CE1A-F0A3-4933-8415-6037C77F702F}"
EndProject
Project("{FAE04EC0-301F-11D3-BF4B-00C04F79EFBC}") = "test3", "test3\test3.csproj", "{72B960C6-7699-48AA-BF92-BC673294F641}"
EndProject
Project("{FAE04EC0-301F-11D3-BF4B-00C04F79EFBC}") = "test4", "test4\test4.csproj", "{E4A0AA8C-46B1-4CC9-A422-996192536E1C}"
EndProject
Global
	GlobalSection(SolutionConfigurationPlatforms) = preSolution
		Debug|Any CPU = Debug|Any CPU
		Release|Any CPU = Release|Any CPU
	EndGlobalSection
	GlobalSection(ProjectConfigurationPlatforms) = postSolution
		{D7180A4E-4A44-4100-92E1-36F56EF1587C}.Debug|Any CPU.ActiveCfg = Debug|Any CPU
		{D7180A4E-4A44-4100-92E1-36F56EF1587C}.Debug|Any CPU.Build.0 = Debug|Any CPU
		{D7180A4E-4A44-4100-92E1-36F56EF1587C}.Release|Any CPU.ActiveCfg = Release|Any CPU
		{D7180A4E-4A44-4100-92E1-36F56EF1587C}.Release|Any CPU.Build.0 = Release|Any CPU
		{5BD5CE1A-F0A3-4933-8415-6037C77F702F}.Debug|Any CPU.ActiveCfg = Debug|Any CPU
		{5BD5CE1A-F0A3-4933-8415-6037C77F702F}.Debug|Any CPU.Build.0 = Debug|Any CPU
		{5BD5CE1A-F0A3-4933-8415-6037C77F702F}.Release|Any CPU.ActiveCfg = Release|Any CPU
		{5BD5CE1A-F0A3-4933-8415-6037C77F702F}.Release|Any CPU.Build.0 = Release|Any CPU
		{72B960C6-7699-48AA-BF92-BC673294F641}.Debug|Any CPU.ActiveCfg = Debug|Any CPU
		{72B960C6-7699-48AA-BF92-BC673294F641}.Debug|Any CPU.Build.0 = Debug|Any CPU
		{72B960C6-7699-48AA-BF92-BC673294F641}.Release|Any CPU.ActiveCfg = Release|Any CPU
		{72B960C6-7699-48AA-BF92-BC673294F641}.Release|Any CPU.Build.0 = Release|Any CPU
		{E4A0AA8C-46B1-4CC9-A422-996192536E1C}.Debug|Any CPU.ActiveCfg = Debug|Any CPU
		{E4A0AA8C-46B1-4CC9-A422-996192536E1C}.Debug|Any CPU.Build.0 = Debug|Any CPU
		{E4A0AA8C-46B1-4CC9-A422-996192536E1C}.Release|Any CPU.ActiveCfg = Release|Any CPU
		{E4A0AA8C-46B1-4CC9-A422-996192536E1C}.Release|Any CPU.Build.0 = Release|Any CPU
	EndGlobalSection
	GlobalSection(SolutionProperties) = preSolution
		HideSolutionNode = FALSE
	EndGlobalSection
	GlobalSection(ExtensibilityGlobals) = postSolution
		SolutionGuid = {22D0519F-28E5-4C14-AC9E-D06FC6BF1F44}
	EndGlobalSection
EndGlobal
