
Microsoft Visual Studio Solution File, Format Version 12.00
# Visual Studio Version 16
VisualStudioVersion = 16.0.31025.194
MinimumVisualStudioVersion = 10.0.40219.1
Project("{9A19103F-16F7-4668-BE54-9A1E7A4F7556}") = "GenericList", "homework4\GenericList.csproj", "{24E16410-C4B7-402A-B654-F716803CFCCD}"
EndProject
Project("{FAE04EC0-301F-11D3-BF4B-00C04F79EFBC}") = "AlarmClock-console", "Alarm\AlarmClock-console.csproj", "{A2412983-C93E-4720-8DF8-120EA45FB47A}"
EndProject
Project("{FAE04EC0-301F-11D3-BF4B-00C04F79EFBC}") = "AlarmClock-winform", "AlarmClock\AlarmClock-winform.csproj", "{4E86C552-B951-402B-88E9-599617B524A9}"
EndProject
Global
	GlobalSection(SolutionConfigurationPlatforms) = preSolution
		Debug|Any CPU = Debug|Any CPU
		Release|Any CPU = Release|Any CPU
	EndGlobalSection
	GlobalSection(ProjectConfigurationPlatforms) = postSolution
		{24E16410-C4B7-402A-B654-F716803CFCCD}.Debug|Any CPU.ActiveCfg = Debug|Any CPU
		{24E16410-C4B7-402A-B654-F716803CFCCD}.Debug|Any CPU.Build.0 = Debug|Any CPU
		{24E16410-C4B7-402A-B654-F716803CFCCD}.Release|Any CPU.ActiveCfg = Release|Any CPU
		{24E16410-C4B7-402A-B654-F716803CFCCD}.Release|Any CPU.Build.0 = Release|Any CPU
		{A2412983-C93E-4720-8DF8-120EA45FB47A}.Debug|Any CPU.ActiveCfg = Debug|Any CPU
		{A2412983-C93E-4720-8DF8-120EA45FB47A}.Debug|Any CPU.Build.0 = Debug|Any CPU
		{A2412983-C93E-4720-8DF8-120EA45FB47A}.Release|Any CPU.ActiveCfg = Release|Any CPU
		{A2412983-C93E-4720-8DF8-120EA45FB47A}.Release|Any CPU.Build.0 = Release|Any CPU
		{4E86C552-B951-402B-88E9-599617B524A9}.Debug|Any CPU.ActiveCfg = Debug|Any CPU
		{4E86C552-B951-402B-88E9-599617B524A9}.Debug|Any CPU.Build.0 = Debug|Any CPU
		{4E86C552-B951-402B-88E9-599617B524A9}.Release|Any CPU.ActiveCfg = Release|Any CPU
		{4E86C552-B951-402B-88E9-599617B524A9}.Release|Any CPU.Build.0 = Release|Any CPU
	EndGlobalSection
	GlobalSection(SolutionProperties) = preSolution
		HideSolutionNode = FALSE
	EndGlobalSection
	GlobalSection(ExtensibilityGlobals) = postSolution
		SolutionGuid = {66606FC6-B428-47E1-94C6-297846377B49}
	EndGlobalSection
EndGlobal
