
Microsoft Visual Studio Solution File, Format Version 12.00
# Visual Studio Version 16
VisualStudioVersion = 16.0.31025.194
MinimumVisualStudioVersion = 10.0.40219.1
Project("{FAE04EC0-301F-11D3-BF4B-00C04F79EFBC}") = "WinForms", "WinForms\WinForms.csproj", "{8FF8886D-0E6C-440D-8C09-75CCC0C97C33}"
EndProject
Project("{FAE04EC0-301F-11D3-BF4B-00C04F79EFBC}") = "OrderControl", "OrderControl\OrderControl.csproj", "{0A765AED-05BF-4FE4-847E-3684946D9375}"
EndProject
Global
	GlobalSection(SolutionConfigurationPlatforms) = preSolution
		Debug|Any CPU = Debug|Any CPU
		Release|Any CPU = Release|Any CPU
	EndGlobalSection
	GlobalSection(ProjectConfigurationPlatforms) = postSolution
		{8FF8886D-0E6C-440D-8C09-75CCC0C97C33}.Debug|Any CPU.ActiveCfg = Debug|Any CPU
		{8FF8886D-0E6C-440D-8C09-75CCC0C97C33}.Debug|Any CPU.Build.0 = Debug|Any CPU
		{8FF8886D-0E6C-440D-8C09-75CCC0C97C33}.Release|Any CPU.ActiveCfg = Release|Any CPU
		{8FF8886D-0E6C-440D-8C09-75CCC0C97C33}.Release|Any CPU.Build.0 = Release|Any CPU
		{0A765AED-05BF-4FE4-847E-3684946D9375}.Debug|Any CPU.ActiveCfg = Debug|Any CPU
		{0A765AED-05BF-4FE4-847E-3684946D9375}.Debug|Any CPU.Build.0 = Debug|Any CPU
		{0A765AED-05BF-4FE4-847E-3684946D9375}.Release|Any CPU.ActiveCfg = Release|Any CPU
		{0A765AED-05BF-4FE4-847E-3684946D9375}.Release|Any CPU.Build.0 = Release|Any CPU
	EndGlobalSection
	GlobalSection(SolutionProperties) = preSolution
		HideSolutionNode = FALSE
	EndGlobalSection
	GlobalSection(ExtensibilityGlobals) = postSolution
		SolutionGuid = {0D459820-8029-43AD-A533-A16D1E48AB8A}
	EndGlobalSection
EndGlobal
